// !$*UTF8*$!
{
	archiveVersion = 1;
	classes = {
	};
	objectVersion = 50;
	objects = {

/* Begin PBXBuildFile section */
		C1169D542264F13C008B4C45 /* CustomPicker.swift in Sources */ = {isa = PBXBuildFile; fileRef = C1169D532264F13C008B4C45 /* CustomPicker.swift */; };
		C1266229225BE0110078C5C6 /* GuardianQueryController.swift in Sources */ = {isa = PBXBuildFile; fileRef = C1266228225BE0110078C5C6 /* GuardianQueryController.swift */; };
		C128A278225D137700722962 /* GuardianContentDataTypes.swift in Sources */ = {isa = PBXBuildFile; fileRef = C128A276225D137600722962 /* GuardianContentDataTypes.swift */; };
		C128A279225D137700722962 /* GuardianContentClient.swift in Sources */ = {isa = PBXBuildFile; fileRef = C128A277225D137600722962 /* GuardianContentClient.swift */; };
		C128A27B225D1EFC00722962 /* ShowFieldOptCell.swift in Sources */ = {isa = PBXBuildFile; fileRef = C128A27A225D1EFC00722962 /* ShowFieldOptCell.swift */; };
		C1295D13226351130077F3E3 /* UrlResponseCache.swift in Sources */ = {isa = PBXBuildFile; fileRef = C1295D12226351130077F3E3 /* UrlResponseCache.swift */; };
		C1295D1A2263909F0077F3E3 /* CacheTableViewController.swift in Sources */ = {isa = PBXBuildFile; fileRef = C1295D192263909F0077F3E3 /* CacheTableViewController.swift */; };
		C13C0410225E04FD00989B1B /* KeyedDecodingContainer+extension.swift in Sources */ = {isa = PBXBuildFile; fileRef = C13C040F225E04FD00989B1B /* KeyedDecodingContainer+extension.swift */; };
		C13C0412225E0B7200989B1B /* QueryResultsTableController.swift in Sources */ = {isa = PBXBuildFile; fileRef = C13C0411225E0B7200989B1B /* QueryResultsTableController.swift */; };
		C13C0414225E214500989B1B /* ResultTableCell.swift in Sources */ = {isa = PBXBuildFile; fileRef = C13C0413225E214500989B1B /* ResultTableCell.swift */; };
		C13C0417225E364D00989B1B /* ResultDetailViewController.swift in Sources */ = {isa = PBXBuildFile; fileRef = C13C0416225E364D00989B1B /* ResultDetailViewController.swift */; };
		C13C0419225E5EF100989B1B /* SelectNoteTableViewController.swift in Sources */ = {isa = PBXBuildFile; fileRef = C13C0418225E5EF100989B1B /* SelectNoteTableViewController.swift */; };
		C13C041B225E86F700989B1B /* WebViewController.swift in Sources */ = {isa = PBXBuildFile; fileRef = C13C041A225E86F700989B1B /* WebViewController.swift */; };
		C141FCA42260DCE6007E730A /* HistoryTableViewController.swift in Sources */ = {isa = PBXBuildFile; fileRef = C141FCA32260DCE6007E730A /* HistoryTableViewController.swift */; };
		C141FCA62260E7B4007E730A /* SearchHistoryFilteredTableViewCell.swift in Sources */ = {isa = PBXBuildFile; fileRef = C141FCA52260E7B4007E730A /* SearchHistoryFilteredTableViewCell.swift */; };
		C141FCA8226104DA007E730A /* SearchHistoryTableViewCell.swift in Sources */ = {isa = PBXBuildFile; fileRef = C141FCA7226104DA007E730A /* SearchHistoryTableViewCell.swift */; };
		C182FFAB22536EE900B8CF97 /* NewNoteController.swift in Sources */ = {isa = PBXBuildFile; fileRef = C182FFAA22536EE900B8CF97 /* NewNoteController.swift */; };
		C182FFAD22536EFB00B8CF97 /* AboutController.swift in Sources */ = {isa = PBXBuildFile; fileRef = C182FFAC22536EFB00B8CF97 /* AboutController.swift */; };
		C182FFAF22536F2C00B8CF97 /* MyNotesController.swift in Sources */ = {isa = PBXBuildFile; fileRef = C182FFAE22536F2C00B8CF97 /* MyNotesController.swift */; };
		C1DE0F5F225914530035B488 /* NoteDetailController.swift in Sources */ = {isa = PBXBuildFile; fileRef = C1DE0F5E225914530035B488 /* NoteDetailController.swift */; };
		C1EF1B33224CE8F3005264C8 /* AppDelegate.swift in Sources */ = {isa = PBXBuildFile; fileRef = C1EF1B32224CE8F3005264C8 /* AppDelegate.swift */; };
		C1EF1B38224CE8F3005264C8 /* Main.storyboard in Resources */ = {isa = PBXBuildFile; fileRef = C1EF1B36224CE8F3005264C8 /* Main.storyboard */; };
		C1EF1B3B224CE8F3005264C8 /* NoteBook.xcdatamodeld in Sources */ = {isa = PBXBuildFile; fileRef = C1EF1B39224CE8F3005264C8 /* NoteBook.xcdatamodeld */; };
		C1EF1B3D224CE8F4005264C8 /* Assets.xcassets in Resources */ = {isa = PBXBuildFile; fileRef = C1EF1B3C224CE8F4005264C8 /* Assets.xcassets */; };
		C1EF1B40224CE8F4005264C8 /* LaunchScreen.storyboard in Resources */ = {isa = PBXBuildFile; fileRef = C1EF1B3E224CE8F4005264C8 /* LaunchScreen.storyboard */; };
		C1EF1B4B224CE8F4005264C8 /* NoteBookTests.swift in Sources */ = {isa = PBXBuildFile; fileRef = C1EF1B4A224CE8F4005264C8 /* NoteBookTests.swift */; };
		C1EF1B56224CE8F4005264C8 /* NoteBookUITests.swift in Sources */ = {isa = PBXBuildFile; fileRef = C1EF1B55224CE8F4005264C8 /* NoteBookUITests.swift */; };
/* End PBXBuildFile section */

/* Begin PBXContainerItemProxy section */
		C1EF1B47224CE8F4005264C8 /* PBXContainerItemProxy */ = {
			isa = PBXContainerItemProxy;
			containerPortal = C1EF1B27224CE8F2005264C8 /* Project object */;
			proxyType = 1;
			remoteGlobalIDString = C1EF1B2E224CE8F3005264C8;
			remoteInfo = NoteBook;
		};
		C1EF1B52224CE8F4005264C8 /* PBXContainerItemProxy */ = {
			isa = PBXContainerItemProxy;
			containerPortal = C1EF1B27224CE8F2005264C8 /* Project object */;
			proxyType = 1;
			remoteGlobalIDString = C1EF1B2E224CE8F3005264C8;
			remoteInfo = NoteBook;
		};
/* End PBXContainerItemProxy section */

/* Begin PBXFileReference section */
		C1169D532264F13C008B4C45 /* CustomPicker.swift */ = {isa = PBXFileReference; lastKnownFileType = sourcecode.swift; path = CustomPicker.swift; sourceTree = "<group>"; };
		C1266228225BE0110078C5C6 /* GuardianQueryController.swift */ = {isa = PBXFileReference; lastKnownFileType = sourcecode.swift; path = GuardianQueryController.swift; sourceTree = "<group>"; };
		C128A276225D137600722962 /* GuardianContentDataTypes.swift */ = {isa = PBXFileReference; fileEncoding = 4; lastKnownFileType = sourcecode.swift; path = GuardianContentDataTypes.swift; sourceTree = "<group>"; };
		C128A277225D137600722962 /* GuardianContentClient.swift */ = {isa = PBXFileReference; fileEncoding = 4; lastKnownFileType = sourcecode.swift; path = GuardianContentClient.swift; sourceTree = "<group>"; };
		C128A27A225D1EFC00722962 /* ShowFieldOptCell.swift */ = {isa = PBXFileReference; lastKnownFileType = sourcecode.swift; path = ShowFieldOptCell.swift; sourceTree = "<group>"; };
		C1295D12226351130077F3E3 /* UrlResponseCache.swift */ = {isa = PBXFileReference; lastKnownFileType = sourcecode.swift; path = UrlResponseCache.swift; sourceTree = "<group>"; };
		C1295D192263909F0077F3E3 /* CacheTableViewController.swift */ = {isa = PBXFileReference; lastKnownFileType = sourcecode.swift; path = CacheTableViewController.swift; sourceTree = "<group>"; };
		C13C040F225E04FD00989B1B /* KeyedDecodingContainer+extension.swift */ = {isa = PBXFileReference; fileEncoding = 4; lastKnownFileType = sourcecode.swift; path = "KeyedDecodingContainer+extension.swift"; sourceTree = "<group>"; };
		C13C0411225E0B7200989B1B /* QueryResultsTableController.swift */ = {isa = PBXFileReference; lastKnownFileType = sourcecode.swift; path = QueryResultsTableController.swift; sourceTree = "<group>"; };
		C13C0413225E214500989B1B /* ResultTableCell.swift */ = {isa = PBXFileReference; lastKnownFileType = sourcecode.swift; path = ResultTableCell.swift; sourceTree = "<group>"; };
		C13C0416225E364D00989B1B /* ResultDetailViewController.swift */ = {isa = PBXFileReference; lastKnownFileType = sourcecode.swift; path = ResultDetailViewController.swift; sourceTree = "<group>"; };
		C13C0418225E5EF100989B1B /* SelectNoteTableViewController.swift */ = {isa = PBXFileReference; lastKnownFileType = sourcecode.swift; path = SelectNoteTableViewController.swift; sourceTree = "<group>"; };
		C13C041A225E86F700989B1B /* WebViewController.swift */ = {isa = PBXFileReference; lastKnownFileType = sourcecode.swift; path = WebViewController.swift; sourceTree = "<group>"; };
		C141FCA32260DCE6007E730A /* HistoryTableViewController.swift */ = {isa = PBXFileReference; lastKnownFileType = sourcecode.swift; path = HistoryTableViewController.swift; sourceTree = "<group>"; };
		C141FCA52260E7B4007E730A /* SearchHistoryFilteredTableViewCell.swift */ = {isa = PBXFileReference; lastKnownFileType = sourcecode.swift; path = SearchHistoryFilteredTableViewCell.swift; sourceTree = "<group>"; };
		C141FCA7226104DA007E730A /* SearchHistoryTableViewCell.swift */ = {isa = PBXFileReference; lastKnownFileType = sourcecode.swift; path = SearchHistoryTableViewCell.swift; sourceTree = "<group>"; };
		C182FFAA22536EE900B8CF97 /* NewNoteController.swift */ = {isa = PBXFileReference; lastKnownFileType = sourcecode.swift; path = NewNoteController.swift; sourceTree = "<group>"; };
		C182FFAC22536EFB00B8CF97 /* AboutController.swift */ = {isa = PBXFileReference; lastKnownFileType = sourcecode.swift; path = AboutController.swift; sourceTree = "<group>"; };
		C182FFAE22536F2C00B8CF97 /* MyNotesController.swift */ = {isa = PBXFileReference; lastKnownFileType = sourcecode.swift; path = MyNotesController.swift; sourceTree = "<group>"; };
		C1DE0F5E225914530035B488 /* NoteDetailController.swift */ = {isa = PBXFileReference; lastKnownFileType = sourcecode.swift; path = NoteDetailController.swift; sourceTree = "<group>"; };
		C1EF1B2F224CE8F3005264C8 /* NoteBook.app */ = {isa = PBXFileReference; explicitFileType = wrapper.application; includeInIndex = 0; path = NoteBook.app; sourceTree = BUILT_PRODUCTS_DIR; };
		C1EF1B32224CE8F3005264C8 /* AppDelegate.swift */ = {isa = PBXFileReference; lastKnownFileType = sourcecode.swift; path = AppDelegate.swift; sourceTree = "<group>"; };
		C1EF1B37224CE8F3005264C8 /* Base */ = {isa = PBXFileReference; lastKnownFileType = file.storyboard; name = Base; path = Base.lproj/Main.storyboard; sourceTree = "<group>"; };
		C1EF1B3A224CE8F3005264C8 /* NoteBook.xcdatamodel */ = {isa = PBXFileReference; lastKnownFileType = wrapper.xcdatamodel; path = NoteBook.xcdatamodel; sourceTree = "<group>"; };
		C1EF1B3C224CE8F4005264C8 /* Assets.xcassets */ = {isa = PBXFileReference; lastKnownFileType = folder.assetcatalog; path = Assets.xcassets; sourceTree = "<group>"; };
		C1EF1B3F224CE8F4005264C8 /* Base */ = {isa = PBXFileReference; lastKnownFileType = file.storyboard; name = Base; path = Base.lproj/LaunchScreen.storyboard; sourceTree = "<group>"; };
		C1EF1B41224CE8F4005264C8 /* Info.plist */ = {isa = PBXFileReference; lastKnownFileType = text.plist.xml; path = Info.plist; sourceTree = "<group>"; };
		C1EF1B46224CE8F4005264C8 /* NoteBookTests.xctest */ = {isa = PBXFileReference; explicitFileType = wrapper.cfbundle; includeInIndex = 0; path = NoteBookTests.xctest; sourceTree = BUILT_PRODUCTS_DIR; };
		C1EF1B4A224CE8F4005264C8 /* NoteBookTests.swift */ = {isa = PBXFileReference; lastKnownFileType = sourcecode.swift; path = NoteBookTests.swift; sourceTree = "<group>"; };
		C1EF1B4C224CE8F4005264C8 /* Info.plist */ = {isa = PBXFileReference; lastKnownFileType = text.plist.xml; path = Info.plist; sourceTree = "<group>"; };
		C1EF1B51224CE8F4005264C8 /* NoteBookUITests.xctest */ = {isa = PBXFileReference; explicitFileType = wrapper.cfbundle; includeInIndex = 0; path = NoteBookUITests.xctest; sourceTree = BUILT_PRODUCTS_DIR; };
		C1EF1B55224CE8F4005264C8 /* NoteBookUITests.swift */ = {isa = PBXFileReference; lastKnownFileType = sourcecode.swift; path = NoteBookUITests.swift; sourceTree = "<group>"; };
		C1EF1B57224CE8F4005264C8 /* Info.plist */ = {isa = PBXFileReference; lastKnownFileType = text.plist.xml; path = Info.plist; sourceTree = "<group>"; };
/* End PBXFileReference section */

/* Begin PBXFrameworksBuildPhase section */
		C1EF1B2C224CE8F3005264C8 /* Frameworks */ = {
			isa = PBXFrameworksBuildPhase;
			buildActionMask = 2147483647;
			files = (
			);
			runOnlyForDeploymentPostprocessing = 0;
		};
		C1EF1B43224CE8F4005264C8 /* Frameworks */ = {
			isa = PBXFrameworksBuildPhase;
			buildActionMask = 2147483647;
			files = (
			);
			runOnlyForDeploymentPostprocessing = 0;
		};
		C1EF1B4E224CE8F4005264C8 /* Frameworks */ = {
			isa = PBXFrameworksBuildPhase;
			buildActionMask = 2147483647;
			files = (
			);
			runOnlyForDeploymentPostprocessing = 0;
		};
/* End PBXFrameworksBuildPhase section */

/* Begin PBXGroup section */
		C1169D522264F10D008B4C45 /* Pickers */ = {
			isa = PBXGroup;
			children = (
				C1169D532264F13C008B4C45 /* CustomPicker.swift */,
			);
			path = Pickers;
			sourceTree = "<group>";
		};
		C128022F22590BA600BA9901 /* ViewControllers */ = {
			isa = PBXGroup;
			children = (
				C1169D522264F10D008B4C45 /* Pickers */,
				C1295D192263909F0077F3E3 /* CacheTableViewController.swift */,
				C182FFAA22536EE900B8CF97 /* NewNoteController.swift */,
				C182FFAC22536EFB00B8CF97 /* AboutController.swift */,
				C182FFAE22536F2C00B8CF97 /* MyNotesController.swift */,
				C1DE0F5E225914530035B488 /* NoteDetailController.swift */,
				C1266228225BE0110078C5C6 /* GuardianQueryController.swift */,
				C128A27A225D1EFC00722962 /* ShowFieldOptCell.swift */,
				C13C0413225E214500989B1B /* ResultTableCell.swift */,
				C13C0411225E0B7200989B1B /* QueryResultsTableController.swift */,
				C13C0416225E364D00989B1B /* ResultDetailViewController.swift */,
				C13C0418225E5EF100989B1B /* SelectNoteTableViewController.swift */,
				C13C041A225E86F700989B1B /* WebViewController.swift */,
				C141FCA32260DCE6007E730A /* HistoryTableViewController.swift */,
				C141FCA52260E7B4007E730A /* SearchHistoryFilteredTableViewCell.swift */,
				C141FCA7226104DA007E730A /* SearchHistoryTableViewCell.swift */,
			);
			path = ViewControllers;
			sourceTree = "<group>";
		};
		C128023022590BD900BA9901 /* Controllers */ = {
			isa = PBXGroup;
			children = (
				C128A277225D137600722962 /* GuardianContentClient.swift */,
				C13C040F225E04FD00989B1B /* KeyedDecodingContainer+extension.swift */,
				C128A276225D137600722962 /* GuardianContentDataTypes.swift */,
			);
			path = Controllers;
			sourceTree = "<group>";
		};
		C1295D14226367880077F3E3 /* Cacheing */ = {
			isa = PBXGroup;
			children = (
				C1295D12226351130077F3E3 /* UrlResponseCache.swift */,
			);
			path = Cacheing;
			sourceTree = "<group>";
		};
		C1EF1B26224CE8F2005264C8 = {
			isa = PBXGroup;
			children = (
				C1EF1B31224CE8F3005264C8 /* NoteBook */,
				C1EF1B49224CE8F4005264C8 /* NoteBookTests */,
				C1EF1B54224CE8F4005264C8 /* NoteBookUITests */,
				C1EF1B30224CE8F3005264C8 /* Products */,
			);
			sourceTree = "<group>";
		};
		C1EF1B30224CE8F3005264C8 /* Products */ = {
			isa = PBXGroup;
			children = (
				C1EF1B2F224CE8F3005264C8 /* NoteBook.app */,
				C1EF1B46224CE8F4005264C8 /* NoteBookTests.xctest */,
				C1EF1B51224CE8F4005264C8 /* NoteBookUITests.xctest */,
			);
			name = Products;
			sourceTree = "<group>";
		};
		C1EF1B31224CE8F3005264C8 /* NoteBook */ = {
			isa = PBXGroup;
			children = (
				C1295D14226367880077F3E3 /* Cacheing */,
				C128023022590BD900BA9901 /* Controllers */,
				C128022F22590BA600BA9901 /* ViewControllers */,
				C1EF1B32224CE8F3005264C8 /* AppDelegate.swift */,
				C1EF1B36224CE8F3005264C8 /* Main.storyboard */,
				C1EF1B3C224CE8F4005264C8 /* Assets.xcassets */,
				C1EF1B3E224CE8F4005264C8 /* LaunchScreen.storyboard */,
				C1EF1B41224CE8F4005264C8 /* Info.plist */,
				C1EF1B39224CE8F3005264C8 /* NoteBook.xcdatamodeld */,
			);
			path = NoteBook;
			sourceTree = "<group>";
		};
		C1EF1B49224CE8F4005264C8 /* NoteBookTests */ = {
			isa = PBXGroup;
			children = (
				C1EF1B4A224CE8F4005264C8 /* NoteBookTests.swift */,
				C1EF1B4C224CE8F4005264C8 /* Info.plist */,
			);
			path = NoteBookTests;
			sourceTree = "<group>";
		};
		C1EF1B54224CE8F4005264C8 /* NoteBookUITests */ = {
			isa = PBXGroup;
			children = (
				C1EF1B55224CE8F4005264C8 /* NoteBookUITests.swift */,
				C1EF1B57224CE8F4005264C8 /* Info.plist */,
			);
			path = NoteBookUITests;
			sourceTree = "<group>";
		};
/* End PBXGroup section */

/* Begin PBXNativeTarget section */
		C1EF1B2E224CE8F3005264C8 /* NoteBook */ = {
			isa = PBXNativeTarget;
			buildConfigurationList = C1EF1B5A224CE8F4005264C8 /* Build configuration list for PBXNativeTarget "NoteBook" */;
			buildPhases = (
				C1EF1B2B224CE8F3005264C8 /* Sources */,
				C1EF1B2C224CE8F3005264C8 /* Frameworks */,
				C1EF1B2D224CE8F3005264C8 /* Resources */,
			);
			buildRules = (
			);
			dependencies = (
			);
			name = NoteBook;
			productName = NoteBook;
			productReference = C1EF1B2F224CE8F3005264C8 /* NoteBook.app */;
			productType = "com.apple.product-type.application";
		};
		C1EF1B45224CE8F4005264C8 /* NoteBookTests */ = {
			isa = PBXNativeTarget;
			buildConfigurationList = C1EF1B5D224CE8F4005264C8 /* Build configuration list for PBXNativeTarget "NoteBookTests" */;
			buildPhases = (
				C1EF1B42224CE8F4005264C8 /* Sources */,
				C1EF1B43224CE8F4005264C8 /* Frameworks */,
				C1EF1B44224CE8F4005264C8 /* Resources */,
			);
			buildRules = (
			);
			dependencies = (
				C1EF1B48224CE8F4005264C8 /* PBXTargetDependency */,
			);
			name = NoteBookTests;
			productName = NoteBookTests;
			productReference = C1EF1B46224CE8F4005264C8 /* NoteBookTests.xctest */;
			productType = "com.apple.product-type.bundle.unit-test";
		};
		C1EF1B50224CE8F4005264C8 /* NoteBookUITests */ = {
			isa = PBXNativeTarget;
			buildConfigurationList = C1EF1B60224CE8F4005264C8 /* Build configuration list for PBXNativeTarget "NoteBookUITests" */;
			buildPhases = (
				C1EF1B4D224CE8F4005264C8 /* Sources */,
				C1EF1B4E224CE8F4005264C8 /* Frameworks */,
				C1EF1B4F224CE8F4005264C8 /* Resources */,
			);
			buildRules = (
			);
			dependencies = (
				C1EF1B53224CE8F4005264C8 /* PBXTargetDependency */,
			);
			name = NoteBookUITests;
			productName = NoteBookUITests;
			productReference = C1EF1B51224CE8F4005264C8 /* NoteBookUITests.xctest */;
			productType = "com.apple.product-type.bundle.ui-testing";
		};
/* End PBXNativeTarget section */

/* Begin PBXProject section */
		C1EF1B27224CE8F2005264C8 /* Project object */ = {
			isa = PBXProject;
			attributes = {
				LastSwiftUpdateCheck = 1000;
				LastUpgradeCheck = 1000;
				ORGANIZATIONNAME = jhb15;
				TargetAttributes = {
					C1EF1B2E224CE8F3005264C8 = {
						CreatedOnToolsVersion = 10.0;
					};
					C1EF1B45224CE8F4005264C8 = {
						CreatedOnToolsVersion = 10.0;
						TestTargetID = C1EF1B2E224CE8F3005264C8;
					};
					C1EF1B50224CE8F4005264C8 = {
						CreatedOnToolsVersion = 10.0;
						TestTargetID = C1EF1B2E224CE8F3005264C8;
					};
				};
			};
			buildConfigurationList = C1EF1B2A224CE8F2005264C8 /* Build configuration list for PBXProject "NoteBook" */;
			compatibilityVersion = "Xcode 9.3";
			developmentRegion = en;
			hasScannedForEncodings = 0;
			knownRegions = (
				en,
				Base,
			);
			mainGroup = C1EF1B26224CE8F2005264C8;
			productRefGroup = C1EF1B30224CE8F3005264C8 /* Products */;
			projectDirPath = "";
			projectRoot = "";
			targets = (
				C1EF1B2E224CE8F3005264C8 /* NoteBook */,
				C1EF1B45224CE8F4005264C8 /* NoteBookTests */,
				C1EF1B50224CE8F4005264C8 /* NoteBookUITests */,
			);
		};
/* End PBXProject section */

/* Begin PBXResourcesBuildPhase section */
		C1EF1B2D224CE8F3005264C8 /* Resources */ = {
			isa = PBXResourcesBuildPhase;
			buildActionMask = 2147483647;
			files = (
				C1EF1B40224CE8F4005264C8 /* LaunchScreen.storyboard in Resources */,
				C1EF1B3D224CE8F4005264C8 /* Assets.xcassets in Resources */,
				C1EF1B38224CE8F3005264C8 /* Main.storyboard in Resources */,
			);
			runOnlyForDeploymentPostprocessing = 0;
		};
		C1EF1B44224CE8F4005264C8 /* Resources */ = {
			isa = PBXResourcesBuildPhase;
			buildActionMask = 2147483647;
			files = (
			);
			runOnlyForDeploymentPostprocessing = 0;
		};
		C1EF1B4F224CE8F4005264C8 /* Resources */ = {
			isa = PBXResourcesBuildPhase;
			buildActionMask = 2147483647;
			files = (
			);
			runOnlyForDeploymentPostprocessing = 0;
		};
/* End PBXResourcesBuildPhase section */

/* Begin PBXSourcesBuildPhase section */
		C1EF1B2B224CE8F3005264C8 /* Sources */ = {
			isa = PBXSourcesBuildPhase;
			buildActionMask = 2147483647;
			files = (
				C182FFAF22536F2C00B8CF97 /* MyNotesController.swift in Sources */,
				C128A278225D137700722962 /* GuardianContentDataTypes.swift in Sources */,
				C1266229225BE0110078C5C6 /* GuardianQueryController.swift in Sources */,
				C128A279225D137700722962 /* GuardianContentClient.swift in Sources */,
				C13C041B225E86F700989B1B /* WebViewController.swift in Sources */,
				C1295D13226351130077F3E3 /* UrlResponseCache.swift in Sources */,
				C141FCA42260DCE6007E730A /* HistoryTableViewController.swift in Sources */,
				C182FFAB22536EE900B8CF97 /* NewNoteController.swift in Sources */,
				C1169D542264F13C008B4C45 /* CustomPicker.swift in Sources */,
				C13C0412225E0B7200989B1B /* QueryResultsTableController.swift in Sources */,
				C128A27B225D1EFC00722962 /* ShowFieldOptCell.swift in Sources */,
				C13C0410225E04FD00989B1B /* KeyedDecodingContainer+extension.swift in Sources */,
				C1295D1A2263909F0077F3E3 /* CacheTableViewController.swift in Sources */,
				C1EF1B33224CE8F3005264C8 /* AppDelegate.swift in Sources */,
				C1EF1B3B224CE8F3005264C8 /* NoteBook.xcdatamodeld in Sources */,
				C13C0419225E5EF100989B1B /* SelectNoteTableViewController.swift in Sources */,
				C13C0417225E364D00989B1B /* ResultDetailViewController.swift in Sources */,
				C182FFAD22536EFB00B8CF97 /* AboutController.swift in Sources */,
				C1DE0F5F225914530035B488 /* NoteDetailController.swift in Sources */,
				C141FCA8226104DA007E730A /* SearchHistoryTableViewCell.swift in Sources */,
				C13C0414225E214500989B1B /* ResultTableCell.swift in Sources */,
				C141FCA62260E7B4007E730A /* SearchHistoryFilteredTableViewCell.swift in Sources */,
			);
			runOnlyForDeploymentPostprocessing = 0;
		};
		C1EF1B42224CE8F4005264C8 /* Sources */ = {
			isa = PBXSourcesBuildPhase;
			buildActionMask = 2147483647;
			files = (
				C1EF1B4B224CE8F4005264C8 /* NoteBookTests.swift in Sources */,
			);
			runOnlyForDeploymentPostprocessing = 0;
		};
		C1EF1B4D224CE8F4005264C8 /* Sources */ = {
			isa = PBXSourcesBuildPhase;
			buildActionMask = 2147483647;
			files = (
				C1EF1B56224CE8F4005264C8 /* NoteBookUITests.swift in Sources */,
			);
			runOnlyForDeploymentPostprocessing = 0;
		};
/* End PBXSourcesBuildPhase section */

/* Begin PBXTargetDependency section */
		C1EF1B48224CE8F4005264C8 /* PBXTargetDependency */ = {
			isa = PBXTargetDependency;
			target = C1EF1B2E224CE8F3005264C8 /* NoteBook */;
			targetProxy = C1EF1B47224CE8F4005264C8 /* PBXContainerItemProxy */;
		};
		C1EF1B53224CE8F4005264C8 /* PBXTargetDependency */ = {
			isa = PBXTargetDependency;
			target = C1EF1B2E224CE8F3005264C8 /* NoteBook */;
			targetProxy = C1EF1B52224CE8F4005264C8 /* PBXContainerItemProxy */;
		};
/* End PBXTargetDependency section */

/* Begin PBXVariantGroup section */
		C1EF1B36224CE8F3005264C8 /* Main.storyboard */ = {
			isa = PBXVariantGroup;
			children = (
				C1EF1B37224CE8F3005264C8 /* Base */,
			);
			name = Main.storyboard;
			sourceTree = "<group>";
		};
		C1EF1B3E224CE8F4005264C8 /* LaunchScreen.storyboard */ = {
			isa = PBXVariantGroup;
			children = (
				C1EF1B3F224CE8F4005264C8 /* Base */,
			);
			name = LaunchScreen.storyboard;
			sourceTree = "<group>";
		};
/* End PBXVariantGroup section */

/* Begin XCBuildConfiguration section */
		C1EF1B58224CE8F4005264C8 /* Debug */ = {
			isa = XCBuildConfiguration;
			buildSettings = {
				ALWAYS_SEARCH_USER_PATHS = NO;
				CLANG_ANALYZER_NONNULL = YES;
				CLANG_ANALYZER_NUMBER_OBJECT_CONVERSION = YES_AGGRESSIVE;
				CLANG_CXX_LANGUAGE_STANDARD = "gnu++14";
				CLANG_CXX_LIBRARY = "libc++";
				CLANG_ENABLE_MODULES = YES;
				CLANG_ENABLE_OBJC_ARC = YES;
				CLANG_ENABLE_OBJC_WEAK = YES;
				CLANG_WARN_BLOCK_CAPTURE_AUTORELEASING = YES;
				CLANG_WARN_BOOL_CONVERSION = YES;
				CLANG_WARN_COMMA = YES;
				CLANG_WARN_CONSTANT_CONVERSION = YES;
				CLANG_WARN_DEPRECATED_OBJC_IMPLEMENTATIONS = YES;
				CLANG_WARN_DIRECT_OBJC_ISA_USAGE = YES_ERROR;
				CLANG_WARN_DOCUMENTATION_COMMENTS = YES;
				CLANG_WARN_EMPTY_BODY = YES;
				CLANG_WARN_ENUM_CONVERSION = YES;
				CLANG_WARN_INFINITE_RECURSION = YES;
				CLANG_WARN_INT_CONVERSION = YES;
				CLANG_WARN_NON_LITERAL_NULL_CONVERSION = YES;
				CLANG_WARN_OBJC_IMPLICIT_RETAIN_SELF = YES;
				CLANG_WARN_OBJC_LITERAL_CONVERSION = YES;
				CLANG_WARN_OBJC_ROOT_CLASS = YES_ERROR;
				CLANG_WARN_RANGE_LOOP_ANALYSIS = YES;
				CLANG_WARN_STRICT_PROTOTYPES = YES;
				CLANG_WARN_SUSPICIOUS_MOVE = YES;
				CLANG_WARN_UNGUARDED_AVAILABILITY = YES_AGGRESSIVE;
				CLANG_WARN_UNREACHABLE_CODE = YES;
				CLANG_WARN__DUPLICATE_METHOD_MATCH = YES;
				CODE_SIGN_IDENTITY = "iPhone Developer";
				COPY_PHASE_STRIP = NO;
				DEBUG_INFORMATION_FORMAT = dwarf;
				ENABLE_STRICT_OBJC_MSGSEND = YES;
				ENABLE_TESTABILITY = YES;
				GCC_C_LANGUAGE_STANDARD = gnu11;
				GCC_DYNAMIC_NO_PIC = NO;
				GCC_NO_COMMON_BLOCKS = YES;
				GCC_OPTIMIZATION_LEVEL = 0;
				GCC_PREPROCESSOR_DEFINITIONS = (
					"DEBUG=1",
					"$(inherited)",
				);
				GCC_WARN_64_TO_32_BIT_CONVERSION = YES;
				GCC_WARN_ABOUT_RETURN_TYPE = YES_ERROR;
				GCC_WARN_UNDECLARED_SELECTOR = YES;
				GCC_WARN_UNINITIALIZED_AUTOS = YES_AGGRESSIVE;
				GCC_WARN_UNUSED_FUNCTION = YES;
				GCC_WARN_UNUSED_VARIABLE = YES;
				IPHONEOS_DEPLOYMENT_TARGET = 12.0;
				MTL_ENABLE_DEBUG_INFO = INCLUDE_SOURCE;
				MTL_FAST_MATH = YES;
				ONLY_ACTIVE_ARCH = YES;
				SDKROOT = iphoneos;
				SWIFT_ACTIVE_COMPILATION_CONDITIONS = DEBUG;
				SWIFT_OPTIMIZATION_LEVEL = "-Onone";
			};
			name = Debug;
		};
		C1EF1B59224CE8F4005264C8 /* Release */ = {
			isa = XCBuildConfiguration;
			buildSettings = {
				ALWAYS_SEARCH_USER_PATHS = NO;
				CLANG_ANALYZER_NONNULL = YES;
				CLANG_ANALYZER_NUMBER_OBJECT_CONVERSION = YES_AGGRESSIVE;
				CLANG_CXX_LANGUAGE_STANDARD = "gnu++14";
				CLANG_CXX_LIBRARY = "libc++";
				CLANG_ENABLE_MODULES = YES;
				CLANG_ENABLE_OBJC_ARC = YES;
				CLANG_ENABLE_OBJC_WEAK = YES;
				CLANG_WARN_BLOCK_CAPTURE_AUTORELEASING = YES;
				CLANG_WARN_BOOL_CONVERSION = YES;
				CLANG_WARN_COMMA = YES;
				CLANG_WARN_CONSTANT_CONVERSION = YES;
				CLANG_WARN_DEPRECATED_OBJC_IMPLEMENTATIONS = YES;
				CLANG_WARN_DIRECT_OBJC_ISA_USAGE = YES_ERROR;
				CLANG_WARN_DOCUMENTATION_COMMENTS = YES;
				CLANG_WARN_EMPTY_BODY = YES;
				CLANG_WARN_ENUM_CONVERSION = YES;
				CLANG_WARN_INFINITE_RECURSION = YES;
				CLANG_WARN_INT_CONVERSION = YES;
				CLANG_WARN_NON_LITERAL_NULL_CONVERSION = YES;
				CLANG_WARN_OBJC_IMPLICIT_RETAIN_SELF = YES;
				CLANG_WARN_OBJC_LITERAL_CONVERSION = YES;
				CLANG_WARN_OBJC_ROOT_CLASS = YES_ERROR;
				CLANG_WARN_RANGE_LOOP_ANALYSIS = YES;
				CLANG_WARN_STRICT_PROTOTYPES = YES;
				CLANG_WARN_SUSPICIOUS_MOVE = YES;
				CLANG_WARN_UNGUARDED_AVAILABILITY = YES_AGGRESSIVE;
				CLANG_WARN_UNREACHABLE_CODE = YES;
				CLANG_WARN__DUPLICATE_METHOD_MATCH = YES;
				CODE_SIGN_IDENTITY = "iPhone Developer";
				COPY_PHASE_STRIP = NO;
				DEBUG_INFORMATION_FORMAT = "dwarf-with-dsym";
				ENABLE_NS_ASSERTIONS = NO;
				ENABLE_STRICT_OBJC_MSGSEND = YES;
				GCC_C_LANGUAGE_STANDARD = gnu11;
				GCC_NO_COMMON_BLOCKS = YES;
				GCC_WARN_64_TO_32_BIT_CONVERSION = YES;
				GCC_WARN_ABOUT_RETURN_TYPE = YES_ERROR;
				GCC_WARN_UNDECLARED_SELECTOR = YES;
				GCC_WARN_UNINITIALIZED_AUTOS = YES_AGGRESSIVE;
				GCC_WARN_UNUSED_FUNCTION = YES;
				GCC_WARN_UNUSED_VARIABLE = YES;
				IPHONEOS_DEPLOYMENT_TARGET = 12.0;
				MTL_ENABLE_DEBUG_INFO = NO;
				MTL_FAST_MATH = YES;
				SDKROOT = iphoneos;
				SWIFT_COMPILATION_MODE = wholemodule;
				SWIFT_OPTIMIZATION_LEVEL = "-O";
				VALIDATE_PRODUCT = YES;
			};
			name = Release;
		};
		C1EF1B5B224CE8F4005264C8 /* Debug */ = {
			isa = XCBuildConfiguration;
			buildSettings = {
				ASSETCATALOG_COMPILER_APPICON_NAME = AppIcon;
				CODE_SIGN_STYLE = Automatic;
				DEVELOPMENT_TEAM = LHS5HNJHA6;
				INFOPLIST_FILE = NoteBook/Info.plist;
				IPHONEOS_DEPLOYMENT_TARGET = 12.0;
				LD_RUNPATH_SEARCH_PATHS = (
					"$(inherited)",
					"@executable_path/Frameworks",
				);
				PRODUCT_BUNDLE_IDENTIFIER = uk.ac.aber.jhb15.apps.NoteBook;
				PRODUCT_NAME = "$(TARGET_NAME)";
				SWIFT_VERSION = 4.2;
				TARGETED_DEVICE_FAMILY = "1,2";
			};
			name = Debug;
		};
		C1EF1B5C224CE8F4005264C8 /* Release */ = {
			isa = XCBuildConfiguration;
			buildSettings = {
				ASSETCATALOG_COMPILER_APPICON_NAME = AppIcon;
				CODE_SIGN_STYLE = Automatic;
				DEVELOPMENT_TEAM = LHS5HNJHA6;
				INFOPLIST_FILE = NoteBook/Info.plist;
				IPHONEOS_DEPLOYMENT_TARGET = 12.0;
				LD_RUNPATH_SEARCH_PATHS = (
					"$(inherited)",
					"@executable_path/Frameworks",
				);
				PRODUCT_BUNDLE_IDENTIFIER = uk.ac.aber.jhb15.apps.NoteBook;
				PRODUCT_NAME = "$(TARGET_NAME)";
				SWIFT_VERSION = 4.2;
				TARGETED_DEVICE_FAMILY = "1,2";
			};
			name = Release;
		};
		C1EF1B5E224CE8F4005264C8 /* Debug */ = {
			isa = XCBuildConfiguration;
			buildSettings = {
				ALWAYS_EMBED_SWIFT_STANDARD_LIBRARIES = YES;
				BUNDLE_LOADER = "$(TEST_HOST)";
				CODE_SIGN_STYLE = Automatic;
				INFOPLIST_FILE = NoteBookTests/Info.plist;
				LD_RUNPATH_SEARCH_PATHS = (
					"$(inherited)",
					"@executable_path/Frameworks",
					"@loader_path/Frameworks",
				);
				PRODUCT_BUNDLE_IDENTIFIER = uk.ac.aber.jhb15.apps.NoteBookTests;
				PRODUCT_NAME = "$(TARGET_NAME)";
				SWIFT_VERSION = 4.2;
				TARGETED_DEVICE_FAMILY = "1,2";
				TEST_HOST = "$(BUILT_PRODUCTS_DIR)/NoteBook.app/NoteBook";
			};
			name = Debug;
		};
		C1EF1B5F224CE8F4005264C8 /* Release */ = {
			isa = XCBuildConfiguration;
			buildSettings = {
				ALWAYS_EMBED_SWIFT_STANDARD_LIBRARIES = YES;
				BUNDLE_LOADER = "$(TEST_HOST)";
				CODE_SIGN_STYLE = Automatic;
				INFOPLIST_FILE = NoteBookTests/Info.plist;
				LD_RUNPATH_SEARCH_PATHS = (
					"$(inherited)",
					"@executable_path/Frameworks",
					"@loader_path/Frameworks",
				);
				PRODUCT_BUNDLE_IDENTIFIER = uk.ac.aber.jhb15.apps.NoteBookTests;
				PRODUCT_NAME = "$(TARGET_NAME)";
				SWIFT_VERSION = 4.2;
				TARGETED_DEVICE_FAMILY = "1,2";
				TEST_HOST = "$(BUILT_PRODUCTS_DIR)/NoteBook.app/NoteBook";
			};
			name = Release;
		};
		C1EF1B61224CE8F4005264C8 /* Debug */ = {
			isa = XCBuildConfiguration;
			buildSettings = {
				ALWAYS_EMBED_SWIFT_STANDARD_LIBRARIES = YES;
				CODE_SIGN_STYLE = Automatic;
				INFOPLIST_FILE = NoteBookUITests/Info.plist;
				LD_RUNPATH_SEARCH_PATHS = (
					"$(inherited)",
					"@executable_path/Frameworks",
					"@loader_path/Frameworks",
				);
				PRODUCT_BUNDLE_IDENTIFIER = uk.ac.aber.jhb15.apps.NoteBookUITests;
				PRODUCT_NAME = "$(TARGET_NAME)";
				SWIFT_VERSION = 4.2;
				TARGETED_DEVICE_FAMILY = "1,2";
				TEST_TARGET_NAME = NoteBook;
			};
			name = Debug;
		};
		C1EF1B62224CE8F4005264C8 /* Release */ = {
			isa = XCBuildConfiguration;
			buildSettings = {
				ALWAYS_EMBED_SWIFT_STANDARD_LIBRARIES = YES;
				CODE_SIGN_STYLE = Automatic;
				INFOPLIST_FILE = NoteBookUITests/Info.plist;
				LD_RUNPATH_SEARCH_PATHS = (
					"$(inherited)",
					"@executable_path/Frameworks",
					"@loader_path/Frameworks",
				);
				PRODUCT_BUNDLE_IDENTIFIER = uk.ac.aber.jhb15.apps.NoteBookUITests;
				PRODUCT_NAME = "$(TARGET_NAME)";
				SWIFT_VERSION = 4.2;
				TARGETED_DEVICE_FAMILY = "1,2";
				TEST_TARGET_NAME = NoteBook;
			};
			name = Release;
		};
/* End XCBuildConfiguration section */

/* Begin XCConfigurationList section */
		C1EF1B2A224CE8F2005264C8 /* Build configuration list for PBXProject "NoteBook" */ = {
			isa = XCConfigurationList;
			buildConfigurations = (
				C1EF1B58224CE8F4005264C8 /* Debug */,
				C1EF1B59224CE8F4005264C8 /* Release */,
			);
			defaultConfigurationIsVisible = 0;
			defaultConfigurationName = Release;
		};
		C1EF1B5A224CE8F4005264C8 /* Build configuration list for PBXNativeTarget "NoteBook" */ = {
			isa = XCConfigurationList;
			buildConfigurations = (
				C1EF1B5B224CE8F4005264C8 /* Debug */,
				C1EF1B5C224CE8F4005264C8 /* Release */,
			);
			defaultConfigurationIsVisible = 0;
			defaultConfigurationName = Release;
		};
		C1EF1B5D224CE8F4005264C8 /* Build configuration list for PBXNativeTarget "NoteBookTests" */ = {
			isa = XCConfigurationList;
			buildConfigurations = (
				C1EF1B5E224CE8F4005264C8 /* Debug */,
				C1EF1B5F224CE8F4005264C8 /* Release */,
			);
			defaultConfigurationIsVisible = 0;
			defaultConfigurationName = Release;
		};
		C1EF1B60224CE8F4005264C8 /* Build configuration list for PBXNativeTarget "NoteBookUITests" */ = {
			isa = XCConfigurationList;
			buildConfigurations = (
				C1EF1B61224CE8F4005264C8 /* Debug */,
				C1EF1B62224CE8F4005264C8 /* Release */,
			);
			defaultConfigurationIsVisible = 0;
			defaultConfigurationName = Release;
		};
/* End XCConfigurationList section */

/* Begin XCVersionGroup section */
		C1EF1B39224CE8F3005264C8 /* NoteBook.xcdatamodeld */ = {
			isa = XCVersionGroup;
			children = (
				C1EF1B3A224CE8F3005264C8 /* NoteBook.xcdatamodel */,
			);
			currentVersion = C1EF1B3A224CE8F3005264C8 /* NoteBook.xcdatamodel */;
			path = NoteBook.xcdatamodeld;
			sourceTree = "<group>";
			versionGroupType = wrapper.xcdatamodel;
		};
/* End XCVersionGroup section */
	};
	rootObject = C1EF1B27224CE8F2005264C8 /* Project object */;
}
